
Microsoft Visual Studio Solution File, Format Version 12.00
# Visual Studio Version 17
VisualStudioVersion = 17.2.32602.215
MinimumVisualStudioVersion = 10.0.40219.1
Project("{FAE04EC0-301F-11D3-BF4B-00C04F79EFBC}") = "DiceRoller", "DiceRoller\DiceRoller.csproj", "{833830F7-E0DC-4F1D-A197-8A2CFA9AACCC}"
EndProject
Global
	GlobalSection(SolutionConfigurationPlatforms) = preSolution
		Debug|Any CPU = Debug|Any CPU
		Release|Any CPU = Release|Any CPU
	EndGlobalSection
	GlobalSection(ProjectConfigurationPlatforms) = postSolution
		{833830F7-E0DC-4F1D-A197-8A2CFA9AACCC}.Debug|Any CPU.ActiveCfg = Debug|Any CPU
		{833830F7-E0DC-4F1D-A197-8A2CFA9AACCC}.Debug|Any CPU.Build.0 = Debug|Any CPU
		{833830F7-E0DC-4F1D-A197-8A2CFA9AACCC}.Release|Any CPU.ActiveCfg = Release|Any CPU
		{833830F7-E0DC-4F1D-A197-8A2CFA9AACCC}.Release|Any CPU.Build.0 = Release|Any CPU
	EndGlobalSection
	GlobalSection(SolutionProperties) = preSolution
		HideSolutionNode = FALSE
	EndGlobalSection
	GlobalSection(ExtensibilityGlobals) = postSolution
		SolutionGuid = {771C11CC-206D-43DE-9E32-B70BC9F72FBC}
	EndGlobalSection
EndGlobal
